
Microsoft Visual Studio Solution File, Format Version 12.00
Project("{FAE04EC0-301F-11D3-BF4B-00C04F79EFBC}") = "ef-core-demo", "ef-core-demo\ef-core-demo.csproj", "{8844024C-E0F0-445F-8A83-CEC98CFA6B6A}"
EndProject
Project("{FAE04EC0-301F-11D3-BF4B-00C04F79EFBC}") = "ado-net", "ado-net\ado-net.csproj", "{4BBFD4E5-AFE9-40E8-8AB6-69D578A67A46}"
EndProject
Global
	GlobalSection(SolutionConfigurationPlatforms) = preSolution
		Debug|Any CPU = Debug|Any CPU
		Release|Any CPU = Release|Any CPU
	EndGlobalSection
	GlobalSection(ProjectConfigurationPlatforms) = postSolution
		{8844024C-E0F0-445F-8A83-CEC98CFA6B6A}.Debug|Any CPU.ActiveCfg = Debug|Any CPU
		{8844024C-E0F0-445F-8A83-CEC98CFA6B6A}.Debug|Any CPU.Build.0 = Debug|Any CPU
		{8844024C-E0F0-445F-8A83-CEC98CFA6B6A}.Release|Any CPU.ActiveCfg = Release|Any CPU
		{8844024C-E0F0-445F-8A83-CEC98CFA6B6A}.Release|Any CPU.Build.0 = Release|Any CPU
		{4BBFD4E5-AFE9-40E8-8AB6-69D578A67A46}.Debug|Any CPU.ActiveCfg = Debug|Any CPU
		{4BBFD4E5-AFE9-40E8-8AB6-69D578A67A46}.Debug|Any CPU.Build.0 = Debug|Any CPU
		{4BBFD4E5-AFE9-40E8-8AB6-69D578A67A46}.Release|Any CPU.ActiveCfg = Release|Any CPU
		{4BBFD4E5-AFE9-40E8-8AB6-69D578A67A46}.Release|Any CPU.Build.0 = Release|Any CPU
	EndGlobalSection
EndGlobal
